// !$*UTF8*$!
{
	archiveVersion = 1;
	classes = {
	};
	objectVersion = 50;
	objects = {

/* Begin PBXBuildFile section */
		3E84C8BC216697DA00C79A46 /* Restaurant.swift in Sources */ = {isa = PBXBuildFile; fileRef = 3E84C8BB216697DA00C79A46 /* Restaurant.swift */; };
		3ECAEA5B216EE33400DFC301 /* RestaurantDataSourceDelegate.swift in Sources */ = {isa = PBXBuildFile; fileRef = 3ECAEA5A216EE33100DFC301 /* RestaurantDataSourceDelegate.swift */; };
		3EE4F08E2166ED42000D2E04 /* RestaurantDataSource.swift in Sources */ = {isa = PBXBuildFile; fileRef = 3EE4F08D2166ED42000D2E04 /* RestaurantDataSource.swift */; };
		3EE4F0912166F44A000D2E04 /* RestaurantTableViewCell.swift in Sources */ = {isa = PBXBuildFile; fileRef = 3EE4F0902166F44A000D2E04 /* RestaurantTableViewCell.swift */; };
		3EEDCB352165524F00FA96C8 /* AppDelegate.swift in Sources */ = {isa = PBXBuildFile; fileRef = 3EEDCB342165524F00FA96C8 /* AppDelegate.swift */; };
		3EEDCB392165524F00FA96C8 /* FavoritesViewController.swift in Sources */ = {isa = PBXBuildFile; fileRef = 3EEDCB382165524F00FA96C8 /* FavoritesViewController.swift */; };
		3EEDCB3C2165524F00FA96C8 /* Main.storyboard in Resources */ = {isa = PBXBuildFile; fileRef = 3EEDCB3A2165524F00FA96C8 /* Main.storyboard */; };
		3EEDCB3E2165525200FA96C8 /* Assets.xcassets in Resources */ = {isa = PBXBuildFile; fileRef = 3EEDCB3D2165525200FA96C8 /* Assets.xcassets */; };
		3EEDCB412165525200FA96C8 /* LaunchScreen.storyboard in Resources */ = {isa = PBXBuildFile; fileRef = 3EEDCB3F2165525200FA96C8 /* LaunchScreen.storyboard */; };
		3EEDCB4C2165525200FA96C8 /* DoorDashLiteTests.swift in Sources */ = {isa = PBXBuildFile; fileRef = 3EEDCB4B2165525200FA96C8 /* DoorDashLiteTests.swift */; };
		3EEDCB572165525200FA96C8 /* DoorDashLiteUITests.swift in Sources */ = {isa = PBXBuildFile; fileRef = 3EEDCB562165525200FA96C8 /* DoorDashLiteUITests.swift */; };
		3EEDCB68216553A000FA96C8 /* TabBarNavigationController.swift in Sources */ = {isa = PBXBuildFile; fileRef = 3EEDCB67216553A000FA96C8 /* TabBarNavigationController.swift */; };
		3EEDCB6F21658E0500FA96C8 /* MapViewController.swift in Sources */ = {isa = PBXBuildFile; fileRef = 3EEDCB6D21658E0500FA96C8 /* MapViewController.swift */; };
		3EEDCB742165925C00FA96C8 /* ExploreViewController.swift in Sources */ = {isa = PBXBuildFile; fileRef = 3EEDCB732165925C00FA96C8 /* ExploreViewController.swift */; };
		3EEDCB772165DD5B00FA96C8 /* MapViewControllerDelegate.swift in Sources */ = {isa = PBXBuildFile; fileRef = 3EEDCB762165DD5B00FA96C8 /* MapViewControllerDelegate.swift */; };
		3EEDCB792165DEF800FA96C8 /* DoorDashAPIController.swift in Sources */ = {isa = PBXBuildFile; fileRef = 3EEDCB782165DEF800FA96C8 /* DoorDashAPIController.swift */; };
/* End PBXBuildFile section */

/* Begin PBXContainerItemProxy section */
		3EEDCB482165525200FA96C8 /* PBXContainerItemProxy */ = {
			isa = PBXContainerItemProxy;
			containerPortal = 3EEDCB292165524F00FA96C8 /* Project object */;
			proxyType = 1;
			remoteGlobalIDString = 3EEDCB302165524F00FA96C8;
			remoteInfo = DoorDashLite;
		};
		3EEDCB532165525200FA96C8 /* PBXContainerItemProxy */ = {
			isa = PBXContainerItemProxy;
			containerPortal = 3EEDCB292165524F00FA96C8 /* Project object */;
			proxyType = 1;
			remoteGlobalIDString = 3EEDCB302165524F00FA96C8;
			remoteInfo = DoorDashLite;
		};
/* End PBXContainerItemProxy section */

/* Begin PBXFileReference section */
		3E84C8BB216697DA00C79A46 /* Restaurant.swift */ = {isa = PBXFileReference; lastKnownFileType = sourcecode.swift; path = Restaurant.swift; sourceTree = "<group>"; };
		3ECAEA5A216EE33100DFC301 /* RestaurantDataSourceDelegate.swift */ = {isa = PBXFileReference; fileEncoding = 4; lastKnownFileType = sourcecode.swift; path = RestaurantDataSourceDelegate.swift; sourceTree = "<group>"; };
		3EE4F08D2166ED42000D2E04 /* RestaurantDataSource.swift */ = {isa = PBXFileReference; lastKnownFileType = sourcecode.swift; path = RestaurantDataSource.swift; sourceTree = "<group>"; };
		3EE4F0902166F44A000D2E04 /* RestaurantTableViewCell.swift */ = {isa = PBXFileReference; lastKnownFileType = sourcecode.swift; path = RestaurantTableViewCell.swift; sourceTree = "<group>"; };
		3EEDCB312165524F00FA96C8 /* DoorDashLite.app */ = {isa = PBXFileReference; explicitFileType = wrapper.application; includeInIndex = 0; path = DoorDashLite.app; sourceTree = BUILT_PRODUCTS_DIR; };
		3EEDCB342165524F00FA96C8 /* AppDelegate.swift */ = {isa = PBXFileReference; lastKnownFileType = sourcecode.swift; path = AppDelegate.swift; sourceTree = "<group>"; };
		3EEDCB382165524F00FA96C8 /* FavoritesViewController.swift */ = {isa = PBXFileReference; lastKnownFileType = sourcecode.swift; path = FavoritesViewController.swift; sourceTree = "<group>"; };
		3EEDCB3B2165524F00FA96C8 /* Base */ = {isa = PBXFileReference; lastKnownFileType = file.storyboard; name = Base; path = Base.lproj/Main.storyboard; sourceTree = "<group>"; };
		3EEDCB3D2165525200FA96C8 /* Assets.xcassets */ = {isa = PBXFileReference; lastKnownFileType = folder.assetcatalog; path = Assets.xcassets; sourceTree = "<group>"; };
		3EEDCB402165525200FA96C8 /* Base */ = {isa = PBXFileReference; lastKnownFileType = file.storyboard; name = Base; path = Base.lproj/LaunchScreen.storyboard; sourceTree = "<group>"; };
		3EEDCB422165525200FA96C8 /* Info.plist */ = {isa = PBXFileReference; lastKnownFileType = text.plist.xml; path = Info.plist; sourceTree = "<group>"; };
		3EEDCB472165525200FA96C8 /* DoorDashLiteTests.xctest */ = {isa = PBXFileReference; explicitFileType = wrapper.cfbundle; includeInIndex = 0; path = DoorDashLiteTests.xctest; sourceTree = BUILT_PRODUCTS_DIR; };
		3EEDCB4B2165525200FA96C8 /* DoorDashLiteTests.swift */ = {isa = PBXFileReference; lastKnownFileType = sourcecode.swift; path = DoorDashLiteTests.swift; sourceTree = "<group>"; };
		3EEDCB4D2165525200FA96C8 /* Info.plist */ = {isa = PBXFileReference; lastKnownFileType = text.plist.xml; path = Info.plist; sourceTree = "<group>"; };
		3EEDCB522165525200FA96C8 /* DoorDashLiteUITests.xctest */ = {isa = PBXFileReference; explicitFileType = wrapper.cfbundle; includeInIndex = 0; path = DoorDashLiteUITests.xctest; sourceTree = BUILT_PRODUCTS_DIR; };
		3EEDCB562165525200FA96C8 /* DoorDashLiteUITests.swift */ = {isa = PBXFileReference; lastKnownFileType = sourcecode.swift; path = DoorDashLiteUITests.swift; sourceTree = "<group>"; };
		3EEDCB582165525200FA96C8 /* Info.plist */ = {isa = PBXFileReference; lastKnownFileType = text.plist.xml; path = Info.plist; sourceTree = "<group>"; };
		3EEDCB67216553A000FA96C8 /* TabBarNavigationController.swift */ = {isa = PBXFileReference; lastKnownFileType = sourcecode.swift; path = TabBarNavigationController.swift; sourceTree = "<group>"; };
		3EEDCB6D21658E0500FA96C8 /* MapViewController.swift */ = {isa = PBXFileReference; lastKnownFileType = sourcecode.swift; path = MapViewController.swift; sourceTree = "<group>"; };
		3EEDCB732165925C00FA96C8 /* ExploreViewController.swift */ = {isa = PBXFileReference; lastKnownFileType = sourcecode.swift; path = ExploreViewController.swift; sourceTree = "<group>"; };
		3EEDCB762165DD5B00FA96C8 /* MapViewControllerDelegate.swift */ = {isa = PBXFileReference; lastKnownFileType = sourcecode.swift; path = MapViewControllerDelegate.swift; sourceTree = "<group>"; };
		3EEDCB782165DEF800FA96C8 /* DoorDashAPIController.swift */ = {isa = PBXFileReference; lastKnownFileType = sourcecode.swift; path = DoorDashAPIController.swift; sourceTree = "<group>"; };
/* End PBXFileReference section */

/* Begin PBXFrameworksBuildPhase section */
		3EEDCB2E2165524F00FA96C8 /* Frameworks */ = {
			isa = PBXFrameworksBuildPhase;
			buildActionMask = 2147483647;
			files = (
			);
			runOnlyForDeploymentPostprocessing = 0;
		};
		3EEDCB442165525200FA96C8 /* Frameworks */ = {
			isa = PBXFrameworksBuildPhase;
			buildActionMask = 2147483647;
			files = (
			);
			runOnlyForDeploymentPostprocessing = 0;
		};
		3EEDCB4F2165525200FA96C8 /* Frameworks */ = {
			isa = PBXFrameworksBuildPhase;
			buildActionMask = 2147483647;
			files = (
			);
			runOnlyForDeploymentPostprocessing = 0;
		};
/* End PBXFrameworksBuildPhase section */

/* Begin PBXGroup section */
		3E84C8BA2166915200C79A46 /* API */ = {
			isa = PBXGroup;
			children = (
				3EEDCB782165DEF800FA96C8 /* DoorDashAPIController.swift */,
			);
			path = API;
			sourceTree = "<group>";
		};
		3EE4F08C2166ECC6000D2E04 /* Data Controllers */ = {
			isa = PBXGroup;
			children = (
				3EE4F08D2166ED42000D2E04 /* RestaurantDataSource.swift */,
			);
			path = "Data Controllers";
			sourceTree = "<group>";
		};
		3EE4F08F2166F413000D2E04 /* Views */ = {
			isa = PBXGroup;
			children = (
				3EE4F0902166F44A000D2E04 /* RestaurantTableViewCell.swift */,
			);
			path = Views;
			sourceTree = "<group>";
		};
		3EEDCB282165524E00FA96C8 = {
			isa = PBXGroup;
			children = (
				3EEDCB332165524F00FA96C8 /* DoorDashLite */,
				3EEDCB4A2165525200FA96C8 /* DoorDashLiteTests */,
				3EEDCB552165525200FA96C8 /* DoorDashLiteUITests */,
				3EEDCB322165524F00FA96C8 /* Products */,
			);
			sourceTree = "<group>";
		};
		3EEDCB322165524F00FA96C8 /* Products */ = {
			isa = PBXGroup;
			children = (
				3EEDCB312165524F00FA96C8 /* DoorDashLite.app */,
				3EEDCB472165525200FA96C8 /* DoorDashLiteTests.xctest */,
				3EEDCB522165525200FA96C8 /* DoorDashLiteUITests.xctest */,
			);
			name = Products;
			sourceTree = "<group>";
		};
		3EEDCB332165524F00FA96C8 /* DoorDashLite */ = {
			isa = PBXGroup;
			children = (
				3EE4F08F2166F413000D2E04 /* Views */,
				3EE4F08C2166ECC6000D2E04 /* Data Controllers */,
				3E84C8BA2166915200C79A46 /* API */,
				3EEDCB7A2165DF7200FA96C8 /* Models */,
				3EEDCB752165DC4200FA96C8 /* Protocols */,
				3EEDCB662165532C00FA96C8 /* View Controllers */,
				3EEDCB342165524F00FA96C8 /* AppDelegate.swift */,
				3EEDCB3A2165524F00FA96C8 /* Main.storyboard */,
				3EEDCB3F2165525200FA96C8 /* LaunchScreen.storyboard */,
				3EEDCB3D2165525200FA96C8 /* Assets.xcassets */,
				3EEDCB422165525200FA96C8 /* Info.plist */,
			);
			path = DoorDashLite;
			sourceTree = "<group>";
		};
		3EEDCB4A2165525200FA96C8 /* DoorDashLiteTests */ = {
			isa = PBXGroup;
			children = (
				3EEDCB4B2165525200FA96C8 /* DoorDashLiteTests.swift */,
				3EEDCB4D2165525200FA96C8 /* Info.plist */,
			);
			path = DoorDashLiteTests;
			sourceTree = "<group>";
		};
		3EEDCB552165525200FA96C8 /* DoorDashLiteUITests */ = {
			isa = PBXGroup;
			children = (
				3EEDCB562165525200FA96C8 /* DoorDashLiteUITests.swift */,
				3EEDCB582165525200FA96C8 /* Info.plist */,
			);
			path = DoorDashLiteUITests;
			sourceTree = "<group>";
		};
		3EEDCB662165532C00FA96C8 /* View Controllers */ = {
			isa = PBXGroup;
			children = (
				3EEDCB6D21658E0500FA96C8 /* MapViewController.swift */,
				3EEDCB382165524F00FA96C8 /* FavoritesViewController.swift */,
				3EEDCB67216553A000FA96C8 /* TabBarNavigationController.swift */,
				3EEDCB732165925C00FA96C8 /* ExploreViewController.swift */,
			);
			path = "View Controllers";
			sourceTree = "<group>";
		};
		3EEDCB752165DC4200FA96C8 /* Protocols */ = {
			isa = PBXGroup;
			children = (
				3ECAEA5A216EE33100DFC301 /* RestaurantDataSourceDelegate.swift */,
				3EEDCB762165DD5B00FA96C8 /* MapViewControllerDelegate.swift */,
			);
			path = Protocols;
			sourceTree = "<group>";
		};
		3EEDCB7A2165DF7200FA96C8 /* Models */ = {
			isa = PBXGroup;
			children = (
				3E84C8BB216697DA00C79A46 /* Restaurant.swift */,
			);
			path = Models;
			sourceTree = "<group>";
		};
/* End PBXGroup section */

/* Begin PBXNativeTarget section */
		3EEDCB302165524F00FA96C8 /* DoorDashLite */ = {
			isa = PBXNativeTarget;
			buildConfigurationList = 3EEDCB5B2165525200FA96C8 /* Build configuration list for PBXNativeTarget "DoorDashLite" */;
			buildPhases = (
				3EEDCB2D2165524F00FA96C8 /* Sources */,
				3EEDCB2E2165524F00FA96C8 /* Frameworks */,
				3EEDCB2F2165524F00FA96C8 /* Resources */,
			);
			buildRules = (
			);
			dependencies = (
			);
			name = DoorDashLite;
			productName = DoorDashLite;
			productReference = 3EEDCB312165524F00FA96C8 /* DoorDashLite.app */;
			productType = "com.apple.product-type.application";
		};
		3EEDCB462165525200FA96C8 /* DoorDashLiteTests */ = {
			isa = PBXNativeTarget;
			buildConfigurationList = 3EEDCB5E2165525200FA96C8 /* Build configuration list for PBXNativeTarget "DoorDashLiteTests" */;
			buildPhases = (
				3EEDCB432165525200FA96C8 /* Sources */,
				3EEDCB442165525200FA96C8 /* Frameworks */,
				3EEDCB452165525200FA96C8 /* Resources */,
			);
			buildRules = (
			);
			dependencies = (
				3EEDCB492165525200FA96C8 /* PBXTargetDependency */,
			);
			name = DoorDashLiteTests;
			productName = DoorDashLiteTests;
			productReference = 3EEDCB472165525200FA96C8 /* DoorDashLiteTests.xctest */;
			productType = "com.apple.product-type.bundle.unit-test";
		};
		3EEDCB512165525200FA96C8 /* DoorDashLiteUITests */ = {
			isa = PBXNativeTarget;
			buildConfigurationList = 3EEDCB612165525200FA96C8 /* Build configuration list for PBXNativeTarget "DoorDashLiteUITests" */;
			buildPhases = (
				3EEDCB4E2165525200FA96C8 /* Sources */,
				3EEDCB4F2165525200FA96C8 /* Frameworks */,
				3EEDCB502165525200FA96C8 /* Resources */,
			);
			buildRules = (
			);
			dependencies = (
				3EEDCB542165525200FA96C8 /* PBXTargetDependency */,
			);
			name = DoorDashLiteUITests;
			productName = DoorDashLiteUITests;
			productReference = 3EEDCB522165525200FA96C8 /* DoorDashLiteUITests.xctest */;
			productType = "com.apple.product-type.bundle.ui-testing";
		};
/* End PBXNativeTarget section */

/* Begin PBXProject section */
		3EEDCB292165524F00FA96C8 /* Project object */ = {
			isa = PBXProject;
			attributes = {
				LastSwiftUpdateCheck = 1000;
				LastUpgradeCheck = 1000;
				ORGANIZATIONNAME = Wahid;
				TargetAttributes = {
					3EEDCB302165524F00FA96C8 = {
						CreatedOnToolsVersion = 10.0;
					};
					3EEDCB462165525200FA96C8 = {
						CreatedOnToolsVersion = 10.0;
						TestTargetID = 3EEDCB302165524F00FA96C8;
					};
					3EEDCB512165525200FA96C8 = {
						CreatedOnToolsVersion = 10.0;
						TestTargetID = 3EEDCB302165524F00FA96C8;
					};
				};
			};
			buildConfigurationList = 3EEDCB2C2165524F00FA96C8 /* Build configuration list for PBXProject "DoorDashLite" */;
			compatibilityVersion = "Xcode 9.3";
			developmentRegion = en;
			hasScannedForEncodings = 0;
			knownRegions = (
				en,
				Base,
			);
			mainGroup = 3EEDCB282165524E00FA96C8;
			productRefGroup = 3EEDCB322165524F00FA96C8 /* Products */;
			projectDirPath = "";
			projectRoot = "";
			targets = (
				3EEDCB302165524F00FA96C8 /* DoorDashLite */,
				3EEDCB462165525200FA96C8 /* DoorDashLiteTests */,
				3EEDCB512165525200FA96C8 /* DoorDashLiteUITests */,
			);
		};
/* End PBXProject section */

/* Begin PBXResourcesBuildPhase section */
		3EEDCB2F2165524F00FA96C8 /* Resources */ = {
			isa = PBXResourcesBuildPhase;
			buildActionMask = 2147483647;
			files = (
				3EEDCB412165525200FA96C8 /* LaunchScreen.storyboard in Resources */,
				3EEDCB3E2165525200FA96C8 /* Assets.xcassets in Resources */,
				3EEDCB3C2165524F00FA96C8 /* Main.storyboard in Resources */,
			);
			runOnlyForDeploymentPostprocessing = 0;
		};
		3EEDCB452165525200FA96C8 /* Resources */ = {
			isa = PBXResourcesBuildPhase;
			buildActionMask = 2147483647;
			files = (
			);
			runOnlyForDeploymentPostprocessing = 0;
		};
		3EEDCB502165525200FA96C8 /* Resources */ = {
			isa = PBXResourcesBuildPhase;
			buildActionMask = 2147483647;
			files = (
			);
			runOnlyForDeploymentPostprocessing = 0;
		};
/* End PBXResourcesBuildPhase section */

/* Begin PBXSourcesBuildPhase section */
		3EEDCB2D2165524F00FA96C8 /* Sources */ = {
			isa = PBXSourcesBuildPhase;
			buildActionMask = 2147483647;
			files = (
				3EE4F0912166F44A000D2E04 /* RestaurantTableViewCell.swift in Sources */,
				3EEDCB742165925C00FA96C8 /* ExploreViewController.swift in Sources */,
				3EEDCB392165524F00FA96C8 /* FavoritesViewController.swift in Sources */,
				3EEDCB792165DEF800FA96C8 /* DoorDashAPIController.swift in Sources */,
				3EEDCB772165DD5B00FA96C8 /* MapViewControllerDelegate.swift in Sources */,
				3E84C8BC216697DA00C79A46 /* Restaurant.swift in Sources */,
				3ECAEA5B216EE33400DFC301 /* RestaurantDataSourceDelegate.swift in Sources */,
				3EEDCB352165524F00FA96C8 /* AppDelegate.swift in Sources */,
				3EE4F08E2166ED42000D2E04 /* RestaurantDataSource.swift in Sources */,
				3EEDCB6F21658E0500FA96C8 /* MapViewController.swift in Sources */,
				3EEDCB68216553A000FA96C8 /* TabBarNavigationController.swift in Sources */,
			);
			runOnlyForDeploymentPostprocessing = 0;
		};
		3EEDCB432165525200FA96C8 /* Sources */ = {
			isa = PBXSourcesBuildPhase;
			buildActionMask = 2147483647;
			files = (
				3EEDCB4C2165525200FA96C8 /* DoorDashLiteTests.swift in Sources */,
			);
			runOnlyForDeploymentPostprocessing = 0;
		};
		3EEDCB4E2165525200FA96C8 /* Sources */ = {
			isa = PBXSourcesBuildPhase;
			buildActionMask = 2147483647;
			files = (
				3EEDCB572165525200FA96C8 /* DoorDashLiteUITests.swift in Sources */,
			);
			runOnlyForDeploymentPostprocessing = 0;
		};
/* End PBXSourcesBuildPhase section */

/* Begin PBXTargetDependency section */
		3EEDCB492165525200FA96C8 /* PBXTargetDependency */ = {
			isa = PBXTargetDependency;
			target = 3EEDCB302165524F00FA96C8 /* DoorDashLite */;
			targetProxy = 3EEDCB482165525200FA96C8 /* PBXContainerItemProxy */;
		};
		3EEDCB542165525200FA96C8 /* PBXTargetDependency */ = {
			isa = PBXTargetDependency;
			target = 3EEDCB302165524F00FA96C8 /* DoorDashLite */;
			targetProxy = 3EEDCB532165525200FA96C8 /* PBXContainerItemProxy */;
		};
/* End PBXTargetDependency section */

/* Begin PBXVariantGroup section */
		3EEDCB3A2165524F00FA96C8 /* Main.storyboard */ = {
			isa = PBXVariantGroup;
			children = (
				3EEDCB3B2165524F00FA96C8 /* Base */,
			);
			name = Main.storyboard;
			sourceTree = "<group>";
		};
		3EEDCB3F2165525200FA96C8 /* LaunchScreen.storyboard */ = {
			isa = PBXVariantGroup;
			children = (
				3EEDCB402165525200FA96C8 /* Base */,
			);
			name = LaunchScreen.storyboard;
			sourceTree = "<group>";
		};
/* End PBXVariantGroup section */

/* Begin XCBuildConfiguration section */
		3EEDCB592165525200FA96C8 /* Debug */ = {
			isa = XCBuildConfiguration;
			buildSettings = {
				ALWAYS_SEARCH_USER_PATHS = NO;
				CLANG_ANALYZER_NONNULL = YES;
				CLANG_ANALYZER_NUMBER_OBJECT_CONVERSION = YES_AGGRESSIVE;
				CLANG_CXX_LANGUAGE_STANDARD = "gnu++14";
				CLANG_CXX_LIBRARY = "libc++";
				CLANG_ENABLE_MODULES = YES;
				CLANG_ENABLE_OBJC_ARC = YES;
				CLANG_ENABLE_OBJC_WEAK = YES;
				CLANG_WARN_BLOCK_CAPTURE_AUTORELEASING = YES;
				CLANG_WARN_BOOL_CONVERSION = YES;
				CLANG_WARN_COMMA = YES;
				CLANG_WARN_CONSTANT_CONVERSION = YES;
				CLANG_WARN_DEPRECATED_OBJC_IMPLEMENTATIONS = YES;
				CLANG_WARN_DIRECT_OBJC_ISA_USAGE = YES_ERROR;
				CLANG_WARN_DOCUMENTATION_COMMENTS = YES;
				CLANG_WARN_EMPTY_BODY = YES;
				CLANG_WARN_ENUM_CONVERSION = YES;
				CLANG_WARN_INFINITE_RECURSION = YES;
				CLANG_WARN_INT_CONVERSION = YES;
				CLANG_WARN_NON_LITERAL_NULL_CONVERSION = YES;
				CLANG_WARN_OBJC_IMPLICIT_RETAIN_SELF = YES;
				CLANG_WARN_OBJC_LITERAL_CONVERSION = YES;
				CLANG_WARN_OBJC_ROOT_CLASS = YES_ERROR;
				CLANG_WARN_RANGE_LOOP_ANALYSIS = YES;
				CLANG_WARN_STRICT_PROTOTYPES = YES;
				CLANG_WARN_SUSPICIOUS_MOVE = YES;
				CLANG_WARN_UNGUARDED_AVAILABILITY = YES_AGGRESSIVE;
				CLANG_WARN_UNREACHABLE_CODE = YES;
				CLANG_WARN__DUPLICATE_METHOD_MATCH = YES;
				CODE_SIGN_IDENTITY = "iPhone Developer";
				COPY_PHASE_STRIP = NO;
				DEBUG_INFORMATION_FORMAT = dwarf;
				ENABLE_STRICT_OBJC_MSGSEND = YES;
				ENABLE_TESTABILITY = YES;
				GCC_C_LANGUAGE_STANDARD = gnu11;
				GCC_DYNAMIC_NO_PIC = NO;
				GCC_NO_COMMON_BLOCKS = YES;
				GCC_OPTIMIZATION_LEVEL = 0;
				GCC_PREPROCESSOR_DEFINITIONS = (
					"DEBUG=1",
					"$(inherited)",
				);
				GCC_WARN_64_TO_32_BIT_CONVERSION = YES;
				GCC_WARN_ABOUT_RETURN_TYPE = YES_ERROR;
				GCC_WARN_UNDECLARED_SELECTOR = YES;
				GCC_WARN_UNINITIALIZED_AUTOS = YES_AGGRESSIVE;
				GCC_WARN_UNUSED_FUNCTION = YES;
				GCC_WARN_UNUSED_VARIABLE = YES;
				IPHONEOS_DEPLOYMENT_TARGET = 12.0;
				MTL_ENABLE_DEBUG_INFO = INCLUDE_SOURCE;
				MTL_FAST_MATH = YES;
				ONLY_ACTIVE_ARCH = YES;
				SDKROOT = iphoneos;
				SWIFT_ACTIVE_COMPILATION_CONDITIONS = DEBUG;
				SWIFT_OPTIMIZATION_LEVEL = "-Onone";
			};
			name = Debug;
		};
		3EEDCB5A2165525200FA96C8 /* Release */ = {
			isa = XCBuildConfiguration;
			buildSettings = {
				ALWAYS_SEARCH_USER_PATHS = NO;
				CLANG_ANALYZER_NONNULL = YES;
				CLANG_ANALYZER_NUMBER_OBJECT_CONVERSION = YES_AGGRESSIVE;
				CLANG_CXX_LANGUAGE_STANDARD = "gnu++14";
				CLANG_CXX_LIBRARY = "libc++";
				CLANG_ENABLE_MODULES = YES;
				CLANG_ENABLE_OBJC_ARC = YES;
				CLANG_ENABLE_OBJC_WEAK = YES;
				CLANG_WARN_BLOCK_CAPTURE_AUTORELEASING = YES;
				CLANG_WARN_BOOL_CONVERSION = YES;
				CLANG_WARN_COMMA = YES;
				CLANG_WARN_CONSTANT_CONVERSION = YES;
				CLANG_WARN_DEPRECATED_OBJC_IMPLEMENTATIONS = YES;
				CLANG_WARN_DIRECT_OBJC_ISA_USAGE = YES_ERROR;
				CLANG_WARN_DOCUMENTATION_COMMENTS = YES;
				CLANG_WARN_EMPTY_BODY = YES;
				CLANG_WARN_ENUM_CONVERSION = YES;
				CLANG_WARN_INFINITE_RECURSION = YES;
				CLANG_WARN_INT_CONVERSION = YES;
				CLANG_WARN_NON_LITERAL_NULL_CONVERSION = YES;
				CLANG_WARN_OBJC_IMPLICIT_RETAIN_SELF = YES;
				CLANG_WARN_OBJC_LITERAL_CONVERSION = YES;
				CLANG_WARN_OBJC_ROOT_CLASS = YES_ERROR;
				CLANG_WARN_RANGE_LOOP_ANALYSIS = YES;
				CLANG_WARN_STRICT_PROTOTYPES = YES;
				CLANG_WARN_SUSPICIOUS_MOVE = YES;
				CLANG_WARN_UNGUARDED_AVAILABILITY = YES_AGGRESSIVE;
				CLANG_WARN_UNREACHABLE_CODE = YES;
				CLANG_WARN__DUPLICATE_METHOD_MATCH = YES;
				CODE_SIGN_IDENTITY = "iPhone Developer";
				COPY_PHASE_STRIP = NO;
				DEBUG_INFORMATION_FORMAT = "dwarf-with-dsym";
				ENABLE_NS_ASSERTIONS = NO;
				ENABLE_STRICT_OBJC_MSGSEND = YES;
				GCC_C_LANGUAGE_STANDARD = gnu11;
				GCC_NO_COMMON_BLOCKS = YES;
				GCC_WARN_64_TO_32_BIT_CONVERSION = YES;
				GCC_WARN_ABOUT_RETURN_TYPE = YES_ERROR;
				GCC_WARN_UNDECLARED_SELECTOR = YES;
				GCC_WARN_UNINITIALIZED_AUTOS = YES_AGGRESSIVE;
				GCC_WARN_UNUSED_FUNCTION = YES;
				GCC_WARN_UNUSED_VARIABLE = YES;
				IPHONEOS_DEPLOYMENT_TARGET = 12.0;
				MTL_ENABLE_DEBUG_INFO = NO;
				MTL_FAST_MATH = YES;
				SDKROOT = iphoneos;
				SWIFT_COMPILATION_MODE = wholemodule;
				SWIFT_OPTIMIZATION_LEVEL = "-O";
				VALIDATE_PRODUCT = YES;
			};
			name = Release;
		};
		3EEDCB5C2165525200FA96C8 /* Debug */ = {
			isa = XCBuildConfiguration;
			buildSettings = {
				ASSETCATALOG_COMPILER_APPICON_NAME = AppIcon;
				CODE_SIGN_STYLE = Automatic;
				DEVELOPMENT_TEAM = 576R26N285;
				INFOPLIST_FILE = DoorDashLite/Info.plist;
				IPHONEOS_DEPLOYMENT_TARGET = 12.0;
				LD_RUNPATH_SEARCH_PATHS = (
					"$(inherited)",
					"@executable_path/Frameworks",
				);
				PRODUCT_BUNDLE_IDENTIFIER = com.wahid.chowdhury.DoorDashLite;
				PRODUCT_NAME = "$(TARGET_NAME)";
				SWIFT_VERSION = 4.2;
				TARGETED_DEVICE_FAMILY = "1,2";
			};
			name = Debug;
		};
		3EEDCB5D2165525200FA96C8 /* Release */ = {
			isa = XCBuildConfiguration;
			buildSettings = {
				ASSETCATALOG_COMPILER_APPICON_NAME = AppIcon;
				CODE_SIGN_STYLE = Automatic;
				DEVELOPMENT_TEAM = 576R26N285;
				INFOPLIST_FILE = DoorDashLite/Info.plist;
				IPHONEOS_DEPLOYMENT_TARGET = 12.0;
				LD_RUNPATH_SEARCH_PATHS = (
					"$(inherited)",
					"@executable_path/Frameworks",
				);
				PRODUCT_BUNDLE_IDENTIFIER = com.wahid.chowdhury.DoorDashLite;
				PRODUCT_NAME = "$(TARGET_NAME)";
				SWIFT_VERSION = 4.2;
				TARGETED_DEVICE_FAMILY = "1,2";
			};
			name = Release;
		};
		3EEDCB5F2165525200FA96C8 /* Debug */ = {
			isa = XCBuildConfiguration;
			buildSettings = {
				ALWAYS_EMBED_SWIFT_STANDARD_LIBRARIES = YES;
				BUNDLE_LOADER = "$(TEST_HOST)";
				CODE_SIGN_STYLE = Automatic;
				DEVELOPMENT_TEAM = 576R26N285;
				INFOPLIST_FILE = DoorDashLiteTests/Info.plist;
				LD_RUNPATH_SEARCH_PATHS = (
					"$(inherited)",
					"@executable_path/Frameworks",
					"@loader_path/Frameworks",
				);
				PRODUCT_BUNDLE_IDENTIFIER = com.wahid.chowdhury.DoorDashLiteTests;
				PRODUCT_NAME = "$(TARGET_NAME)";
				SWIFT_VERSION = 4.2;
				TARGETED_DEVICE_FAMILY = "1,2";
				TEST_HOST = "$(BUILT_PRODUCTS_DIR)/DoorDashLite.app/DoorDashLite";
			};
			name = Debug;
		};
		3EEDCB602165525200FA96C8 /* Release */ = {
			isa = XCBuildConfiguration;
			buildSettings = {
				ALWAYS_EMBED_SWIFT_STANDARD_LIBRARIES = YES;
				BUNDLE_LOADER = "$(TEST_HOST)";
				CODE_SIGN_STYLE = Automatic;
				DEVELOPMENT_TEAM = 576R26N285;
				INFOPLIST_FILE = DoorDashLiteTests/Info.plist;
				LD_RUNPATH_SEARCH_PATHS = (
					"$(inherited)",
					"@executable_path/Frameworks",
					"@loader_path/Frameworks",
				);
				PRODUCT_BUNDLE_IDENTIFIER = com.wahid.chowdhury.DoorDashLiteTests;
				PRODUCT_NAME = "$(TARGET_NAME)";
				SWIFT_VERSION = 4.2;
				TARGETED_DEVICE_FAMILY = "1,2";
				TEST_HOST = "$(BUILT_PRODUCTS_DIR)/DoorDashLite.app/DoorDashLite";
			};
			name = Release;
		};
		3EEDCB622165525200FA96C8 /* Debug */ = {
			isa = XCBuildConfiguration;
			buildSettings = {
				ALWAYS_EMBED_SWIFT_STANDARD_LIBRARIES = YES;
				CODE_SIGN_STYLE = Automatic;
				DEVELOPMENT_TEAM = 576R26N285;
				INFOPLIST_FILE = DoorDashLiteUITests/Info.plist;
				LD_RUNPATH_SEARCH_PATHS = (
					"$(inherited)",
					"@executable_path/Frameworks",
					"@loader_path/Frameworks",
				);
				PRODUCT_BUNDLE_IDENTIFIER = com.wahid.chowdhury.DoorDashLiteUITests;
				PRODUCT_NAME = "$(TARGET_NAME)";
				SWIFT_VERSION = 4.2;
				TARGETED_DEVICE_FAMILY = "1,2";
				TEST_TARGET_NAME = DoorDashLite;
			};
			name = Debug;
		};
		3EEDCB632165525200FA96C8 /* Release */ = {
			isa = XCBuildConfiguration;
			buildSettings = {
				ALWAYS_EMBED_SWIFT_STANDARD_LIBRARIES = YES;
				CODE_SIGN_STYLE = Automatic;
				DEVELOPMENT_TEAM = 576R26N285;
				INFOPLIST_FILE = DoorDashLiteUITests/Info.plist;
				LD_RUNPATH_SEARCH_PATHS = (
					"$(inherited)",
					"@executable_path/Frameworks",
					"@loader_path/Frameworks",
				);
				PRODUCT_BUNDLE_IDENTIFIER = com.wahid.chowdhury.DoorDashLiteUITests;
				PRODUCT_NAME = "$(TARGET_NAME)";
				SWIFT_VERSION = 4.2;
				TARGETED_DEVICE_FAMILY = "1,2";
				TEST_TARGET_NAME = DoorDashLite;
			};
			name = Release;
		};
/* End XCBuildConfiguration section */

/* Begin XCConfigurationList section */
		3EEDCB2C2165524F00FA96C8 /* Build configuration list for PBXProject "DoorDashLite" */ = {
			isa = XCConfigurationList;
			buildConfigurations = (
				3EEDCB592165525200FA96C8 /* Debug */,
				3EEDCB5A2165525200FA96C8 /* Release */,
			);
			defaultConfigurationIsVisible = 0;
			defaultConfigurationName = Release;
		};
		3EEDCB5B2165525200FA96C8 /* Build configuration list for PBXNativeTarget "DoorDashLite" */ = {
			isa = XCConfigurationList;
			buildConfigurations = (
				3EEDCB5C2165525200FA96C8 /* Debug */,
				3EEDCB5D2165525200FA96C8 /* Release */,
			);
			defaultConfigurationIsVisible = 0;
			defaultConfigurationName = Release;
		};
		3EEDCB5E2165525200FA96C8 /* Build configuration list for PBXNativeTarget "DoorDashLiteTests" */ = {
			isa = XCConfigurationList;
			buildConfigurations = (
				3EEDCB5F2165525200FA96C8 /* Debug */,
				3EEDCB602165525200FA96C8 /* Release */,
			);
			defaultConfigurationIsVisible = 0;
			defaultConfigurationName = Release;
		};
		3EEDCB612165525200FA96C8 /* Build configuration list for PBXNativeTarget "DoorDashLiteUITests" */ = {
			isa = XCConfigurationList;
			buildConfigurations = (
				3EEDCB622165525200FA96C8 /* Debug */,
				3EEDCB632165525200FA96C8 /* Release */,
			);
			defaultConfigurationIsVisible = 0;
			defaultConfigurationName = Release;
		};
/* End XCConfigurationList section */
	};
	rootObject = 3EEDCB292165524F00FA96C8 /* Project object */;
}
